
Microsoft Visual Studio Solution File, Format Version 12.00
# Visual Studio Version 16
VisualStudioVersion = 16.0.31105.61
MinimumVisualStudioVersion = 10.0.40219.1
Project("{FAE04EC0-301F-11D3-BF4B-00C04F79EFBC}") = "TristanReilly_S00199625", "TristanReilly_S00199625\TristanReilly_S00199625.csproj", "{5BCCB9D3-E0B0-4F74-8310-1146EF8404D8}"
EndProject
Project("{FAE04EC0-301F-11D3-BF4B-00C04F79EFBC}") = "UnitTestProjectDecreasePrice", "UnitTestProjectDecreasePrice\UnitTestProjectDecreasePrice.csproj", "{E552B305-B5B5-4D5B-81FB-7242DF365E48}"
EndProject
Project("{FAE04EC0-301F-11D3-BF4B-00C04F79EFBC}") = "DataManagement", "DataManagement\DataManagement.csproj", "{349E3D52-EA21-4FAD-9ED7-EECC7F77E574}"
EndProject
Global
	GlobalSection(SolutionConfigurationPlatforms) = preSolution
		Debug|Any CPU = Debug|Any CPU
		Release|Any CPU = Release|Any CPU
	EndGlobalSection
	GlobalSection(ProjectConfigurationPlatforms) = postSolution
		{5BCCB9D3-E0B0-4F74-8310-1146EF8404D8}.Debug|Any CPU.ActiveCfg = Debug|Any CPU
		{5BCCB9D3-E0B0-4F74-8310-1146EF8404D8}.Debug|Any CPU.Build.0 = Debug|Any CPU
		{5BCCB9D3-E0B0-4F74-8310-1146EF8404D8}.Release|Any CPU.ActiveCfg = Release|Any CPU
		{5BCCB9D3-E0B0-4F74-8310-1146EF8404D8}.Release|Any CPU.Build.0 = Release|Any CPU
		{E552B305-B5B5-4D5B-81FB-7242DF365E48}.Debug|Any CPU.ActiveCfg = Debug|Any CPU
		{E552B305-B5B5-4D5B-81FB-7242DF365E48}.Debug|Any CPU.Build.0 = Debug|Any CPU
		{E552B305-B5B5-4D5B-81FB-7242DF365E48}.Release|Any CPU.ActiveCfg = Release|Any CPU
		{E552B305-B5B5-4D5B-81FB-7242DF365E48}.Release|Any CPU.Build.0 = Release|Any CPU
		{349E3D52-EA21-4FAD-9ED7-EECC7F77E574}.Debug|Any CPU.ActiveCfg = Debug|Any CPU
		{349E3D52-EA21-4FAD-9ED7-EECC7F77E574}.Debug|Any CPU.Build.0 = Debug|Any CPU
		{349E3D52-EA21-4FAD-9ED7-EECC7F77E574}.Release|Any CPU.ActiveCfg = Release|Any CPU
		{349E3D52-EA21-4FAD-9ED7-EECC7F77E574}.Release|Any CPU.Build.0 = Release|Any CPU
	EndGlobalSection
	GlobalSection(SolutionProperties) = preSolution
		HideSolutionNode = FALSE
	EndGlobalSection
	GlobalSection(ExtensibilityGlobals) = postSolution
		SolutionGuid = {111CB812-9326-436D-9774-5366A8687969}
	EndGlobalSection
EndGlobal
